
Microsoft Visual Studio Solution File, Format Version 12.00
# Visual Studio Version 17
VisualStudioVersion = 17.5.33424.131
MinimumVisualStudioVersion = 10.0.40219.1
Project("{FAE04EC0-301F-11D3-BF4B-00C04F79EFBC}") = "Pureba", "Pureba.csproj", "{ABC3964F-AD69-4938-B2F8-1BB0866E0A53}"
EndProject
Global
	GlobalSection(SolutionConfigurationPlatforms) = preSolution
		Debug|Any CPU = Debug|Any CPU
		Release|Any CPU = Release|Any CPU
	EndGlobalSection
	GlobalSection(ProjectConfigurationPlatforms) = postSolution
		{ABC3964F-AD69-4938-B2F8-1BB0866E0A53}.Debug|Any CPU.ActiveCfg = Debug|Any CPU
		{ABC3964F-AD69-4938-B2F8-1BB0866E0A53}.Debug|Any CPU.Build.0 = Debug|Any CPU
		{ABC3964F-AD69-4938-B2F8-1BB0866E0A53}.Release|Any CPU.ActiveCfg = Release|Any CPU
		{ABC3964F-AD69-4938-B2F8-1BB0866E0A53}.Release|Any CPU.Build.0 = Release|Any CPU
	EndGlobalSection
	GlobalSection(SolutionProperties) = preSolution
		HideSolutionNode = FALSE
	EndGlobalSection
	GlobalSection(ExtensibilityGlobals) = postSolution
		SolutionGuid = {B85A4D7C-347E-47FE-A65F-CF0BEC18D503}
	EndGlobalSection
EndGlobal
